{
  "name": "mobile-stories-wp-theme",
  "version": "1.0.0",
  "lockfileVersion": 1,
  "requires": true,
  "dependencies": {
    "composer": {
      "version": "3.1.0",
      "resolved": "https://registry.npmjs.org/composer/-/composer-3.1.0.tgz",
      "integrity": "sha512-LArj6cf6CNXimKhTomlWImycBdJpvAXFXJhcW1eo+hUc6hgOUl7XgeVuFu1Ke8NhHsl9GbZD/dqP9RoNKuTf8w==",
      "requires": {
        "nanoseconds": "1.0.1",
        "pretty-time": "1.0.0",
        "use": "3.1.0"
      }
    },
    "is-number": {
      "version": "5.0.0",
      "resolved": "https://registry.npmjs.org/is-number/-/is-number-5.0.0.tgz",
      "integrity": "sha512-LmVHHP5dTJwrwZg2Jjqp7K5jpvcnYvYD1LMpvGadMsMv5+WXoDSLBQ0+zmuBJmuZGh2J2K845ygj/YukxUnr4A=="
    },
    "kind-of": {
      "version": "6.0.2",
      "resolved": "https://registry.npmjs.org/kind-of/-/kind-of-6.0.2.tgz",
      "integrity": "sha512-s5kLOcnH0XqDO+FvuaLX8DDjZ18CGFk7VygH40QoKPUQhW4e2rvM0rwUq0t8IQDOwYSeLK01U90OjzBTme2QqA=="
    },
    "nanoseconds": {
      "version": "1.0.1",
      "resolved": "https://registry.npmjs.org/nanoseconds/-/nanoseconds-1.0.1.tgz",
      "integrity": "sha512-fLbtBoaFlCdjq+LNaDTLXHQh8U3rKDUGRBY0BO2Xjgi1vt+X/6xF6gOkNbYolZboYAeM8o3eOZCOcDJZdogCEg=="
    },
    "pretty-time": {
      "version": "1.0.0",
      "resolved": "https://registry.npmjs.org/pretty-time/-/pretty-time-1.0.0.tgz",
      "integrity": "sha512-+8bAuWoeG7CBA4Yz5NrcN8NyjD86YcrlxquWlYRLgfwxzXtbHXUnPWeXW5jzTsBwaEf89KNM0luWnRXh6l02EA==",
      "requires": {
        "is-number": "5.0.0",
        "nanoseconds": "1.0.1"
      }
    },
    "use": {
      "version": "3.1.0",
      "resolved": "https://registry.npmjs.org/use/-/use-3.1.0.tgz",
      "integrity": "sha512-6UJEQM/L+mzC3ZJNM56Q4DFGLX/evKGRg15UJHGB9X5j5Z3AFbgZvjUh2yq/UJUY4U5dh7Fal++XbNg1uzpRAw==",
      "requires": {
        "kind-of": "6.0.2"
      }
    }
  }
}
